
Microsoft Visual Studio Solution File, Format Version 12.00
# Visual Studio Version 17
VisualStudioVersion = 17.9.34728.123
MinimumVisualStudioVersion = 10.0.40219.1
Project("{9A19103F-16F7-4668-BE54-9A1E7A4F7556}") = "WebApi", "WebApi\WebApi.csproj", "{582DEAE4-D0E5-47F3-859F-14918ABAA37B}"
EndProject
Project("{FAE04EC0-301F-11D3-BF4B-00C04F79EFBC}") = "WebApiTestProject", "WebApiTestProject\WebApiTestProject.csproj", "{B57C791A-B17B-446F-A2B8-ADC3A88FB301}"
EndProject
Global
	GlobalSection(SolutionConfigurationPlatforms) = preSolution
		Debug|Any CPU = Debug|Any CPU
		Release|Any CPU = Release|Any CPU
	EndGlobalSection
	GlobalSection(ProjectConfigurationPlatforms) = postSolution
		{582DEAE4-D0E5-47F3-859F-14918ABAA37B}.Debug|Any CPU.ActiveCfg = Debug|Any CPU
		{582DEAE4-D0E5-47F3-859F-14918ABAA37B}.Debug|Any CPU.Build.0 = Debug|Any CPU
		{582DEAE4-D0E5-47F3-859F-14918ABAA37B}.Release|Any CPU.ActiveCfg = Release|Any CPU
		{582DEAE4-D0E5-47F3-859F-14918ABAA37B}.Release|Any CPU.Build.0 = Release|Any CPU
		{B57C791A-B17B-446F-A2B8-ADC3A88FB301}.Debug|Any CPU.ActiveCfg = Debug|Any CPU
		{B57C791A-B17B-446F-A2B8-ADC3A88FB301}.Debug|Any CPU.Build.0 = Debug|Any CPU
		{B57C791A-B17B-446F-A2B8-ADC3A88FB301}.Release|Any CPU.ActiveCfg = Release|Any CPU
		{B57C791A-B17B-446F-A2B8-ADC3A88FB301}.Release|Any CPU.Build.0 = Release|Any CPU
	EndGlobalSection
	GlobalSection(SolutionProperties) = preSolution
		HideSolutionNode = FALSE
	EndGlobalSection
	GlobalSection(ExtensibilityGlobals) = postSolution
		SolutionGuid = {440557D1-BFEE-4100-B55C-EDF7DE4122CB}
	EndGlobalSection
EndGlobal
